
Microsoft Visual Studio Solution File, Format Version 12.00
# Visual Studio Version 17
VisualStudioVersion = 17.8.34511.84
MinimumVisualStudioVersion = 10.0.40219.1
Project("{2150E333-8FDC-42A3-9474-1A3956D46DE8}") = "Services", "Services", "{EA5D60CF-6D39-45CE-AFE3-6F0E5607BB7A}"
EndProject
Project("{2150E333-8FDC-42A3-9474-1A3956D46DE8}") = "Catalog", "Catalog", "{B2152ADB-7A35-43BB-A311-7829CF8BF0E2}"
EndProject
Project("{9A19103F-16F7-4668-BE54-9A1E7A4F7556}") = "Course.Catalog.Service.Api", "Services\Catalog\Course.Catalog.Service.Api\Course.Catalog.Service.Api.csproj", "{12F5A38B-0FDA-4AEC-993E-D7DC7084008A}"
EndProject
Project("{2150E333-8FDC-42A3-9474-1A3956D46DE8}") = "Shared", "Shared", "{27C65458-A075-4F71-9C40-1DBAAB86EB7D}"
EndProject
Project("{9A19103F-16F7-4668-BE54-9A1E7A4F7556}") = "Course.Shared", "Shared\Course.Shared\Course.Shared.csproj", "{45C142F9-39EB-47B6-AE12-7E471BF153A8}"
EndProject
Project("{2150E333-8FDC-42A3-9474-1A3956D46DE8}") = "IdentityServer", "IdentityServer", "{1F7A8ECF-19F8-4549-B8EF-D24649A6C436}"
EndProject
Project("{9A19103F-16F7-4668-BE54-9A1E7A4F7556}") = "Course.IdentityServer", "IdentityServer\Course.IdentityServer\Course.IdentityServer.csproj", "{04C731E5-D07D-4050-B19B-52A23074E486}"
EndProject
Project("{E53339B2-1760-4266-BCC7-CA923CBCF16C}") = "docker-compose", "docker-compose.dcproj", "{A0B6D1A9-C6C5-4983-8A8B-C325888779EE}"
EndProject
Project("{2150E333-8FDC-42A3-9474-1A3956D46DE8}") = "SolutionItems", "SolutionItems", "{C45096CA-CB77-46D6-9E02-19AED8B42127}"
	ProjectSection(SolutionItems) = preProject
		Ports.txt = Ports.txt
	EndProjectSection
EndProject
Project("{2150E333-8FDC-42A3-9474-1A3956D46DE8}") = "PhotoStock", "PhotoStock", "{A168447D-61D0-48FB-9CA5-9FDF80CB813E}"
EndProject
Project("{9A19103F-16F7-4668-BE54-9A1E7A4F7556}") = "Course.PhotoStock.Service.Api", "Services\PhotoStock\Course.PhotoStock.Service.Api\Course.PhotoStock.Service.Api.csproj", "{8B135413-B2B2-4D2C-AEC3-109746215C75}"
EndProject
Project("{2150E333-8FDC-42A3-9474-1A3956D46DE8}") = "Basket", "Basket", "{35EC733C-F8F9-4B71-96E5-A4C1E1D5FB6B}"
EndProject
Project("{9A19103F-16F7-4668-BE54-9A1E7A4F7556}") = "Course.Basket.Service.Api", "Services\Basket\Course.Basket.Service.Api\Course.Basket.Service.Api.csproj", "{2DEEC5EC-CC8A-4E2C-A64F-CB5774F97456}"
EndProject
Project("{2150E333-8FDC-42A3-9474-1A3956D46DE8}") = "Discount", "Discount", "{12ABC72E-65B6-4BE3-BD19-15EE894A3657}"
EndProject
Project("{9A19103F-16F7-4668-BE54-9A1E7A4F7556}") = "Course.Discount.Service.Api", "Services\Discount\Course.Discount.Service.Api\Course.Discount.Service.Api.csproj", "{9E708D79-7362-4DF6-9A44-9081EE3FB24C}"
EndProject
Project("{2150E333-8FDC-42A3-9474-1A3956D46DE8}") = "Order", "Order", "{F6444480-E36F-4DB4-898D-42F0EF51A1C8}"
EndProject
Project("{9A19103F-16F7-4668-BE54-9A1E7A4F7556}") = "Course.Order.API", "Services\Order\Course.Order.API\Course.Order.API.csproj", "{0ADCDABA-CD07-43C2-A828-8E129A8360D7}"
EndProject
Project("{9A19103F-16F7-4668-BE54-9A1E7A4F7556}") = "Course.Order.Application", "Services\Order\Course.Order.Application\Course.Order.Application.csproj", "{056173B0-0D39-413B-9150-82D4AFBBB0D9}"
EndProject
Project("{9A19103F-16F7-4668-BE54-9A1E7A4F7556}") = "Course.Order.Domain", "Services\Order\Course.Order.Domain\Course.Order.Domain.csproj", "{B18D9A48-ED28-4D12-8238-B088F7DD5635}"
EndProject
Project("{9A19103F-16F7-4668-BE54-9A1E7A4F7556}") = "Course.Order.Infrastructure", "Services\Order\Course.Order.Infrastructure\Course.Order.Infrastructure.csproj", "{43D495A0-97BE-4031-AE7C-94267F2239D9}"
EndProject
Project("{9A19103F-16F7-4668-BE54-9A1E7A4F7556}") = "Course.Order.Core", "Services\Order\Course.Order.Core\Course.Order.Core.csproj", "{02565576-D0BC-4CBF-8EC5-B77462D43789}"
EndProject
Project("{2150E333-8FDC-42A3-9474-1A3956D46DE8}") = "FakePayment", "FakePayment", "{215800B9-853B-488F-8133-21A002AA1292}"
EndProject
Project("{9A19103F-16F7-4668-BE54-9A1E7A4F7556}") = "Course.FakePayment.Service.Api", "Services\FakePayment\Course.FakePayment.Service.Api\Course.FakePayment.Service.Api.csproj", "{439DB10B-F0C1-438A-863D-581E6863813B}"
EndProject
Project("{2150E333-8FDC-42A3-9474-1A3956D46DE8}") = "Gateways", "Gateways", "{2A2A6D1D-D2B1-4023-A46F-53420FB96E55}"
EndProject
Project("{9A19103F-16F7-4668-BE54-9A1E7A4F7556}") = "Course.Gateway", "Gateways\Course.Gateway\Course.Gateway.csproj", "{761C46A4-8F6F-49AA-99AD-26224805C829}"
EndProject
Project("{2150E333-8FDC-42A3-9474-1A3956D46DE8}") = "Clients", "Clients", "{101A270E-CADF-452C-9792-9FEE7ABF20BD}"
EndProject
Project("{9A19103F-16F7-4668-BE54-9A1E7A4F7556}") = "Course.Web", "clients\Course.Web\Course.Web.csproj", "{0E5A4C9A-FC24-42B0-88B4-4C9CFD0BB35A}"
EndProject
Project("{2150E333-8FDC-42A3-9474-1A3956D46DE8}") = "Notification", "Notification", "{D01118BD-17A6-4098-920B-D6FCADB26FA2}"
EndProject
Project("{9A19103F-16F7-4668-BE54-9A1E7A4F7556}") = "Course.Notification.Service.Api", "Services\Notification\Course.Notification.Service.Api\Course.Notification.Service.Api.csproj", "{B32B1654-D1C2-44A1-B1CC-AF545D9A8A3C}"
EndProject
Project("{2150E333-8FDC-42A3-9474-1A3956D46DE8}") = "Invoice", "Invoice", "{0FECDB07-4FA9-4A7C-BDBF-35A4AA04B550}"
EndProject
Project("{FAE04EC0-301F-11D3-BF4B-00C04F79EFBC}") = "Course.Invoice.Domain", "Services\Invoice\Course.Invoice.Domain\Course.Invoice.Domain.csproj", "{1B00B227-99FC-428E-8DE3-159CED5CE211}"
EndProject
Project("{FAE04EC0-301F-11D3-BF4B-00C04F79EFBC}") = "Course.Invoice.Application", "Services\Invoice\Course.Invoice.Application\Course.Invoice.Application.csproj", "{CDF460E6-ED98-4638-8112-32CD88268BED}"
EndProject
Project("{FAE04EC0-301F-11D3-BF4B-00C04F79EFBC}") = "Course.Invoice.Infrastructure", "Services\Invoice\Course.Invoice.Infrastructure\Course.Invoice.Infrastructure.csproj", "{8D64FB59-5750-4BE6-8C79-8F6BD1D37E59}"
EndProject
Project("{FAE04EC0-301F-11D3-BF4B-00C04F79EFBC}") = "Course.Invoice.Presentation", "Services\Invoice\Course.Invoice.Presentation\Course.Invoice.Presentation.csproj", "{25318A2C-161F-4A81-A703-53600D0B0534}"
EndProject
Project("{FAE04EC0-301F-11D3-BF4B-00C04F79EFBC}") = "Course.Invoice.Api", "Services\Invoice\Course.Invoice.Api\Course.Invoice.Api.csproj", "{ADD04B2A-63DB-445C-A0B4-971CA6C8FDAE}"
EndProject
Global
	GlobalSection(SolutionConfigurationPlatforms) = preSolution
		Debug|Any CPU = Debug|Any CPU
		Release|Any CPU = Release|Any CPU
	EndGlobalSection
	GlobalSection(ProjectConfigurationPlatforms) = postSolution
		{12F5A38B-0FDA-4AEC-993E-D7DC7084008A}.Debug|Any CPU.ActiveCfg = Debug|Any CPU
		{12F5A38B-0FDA-4AEC-993E-D7DC7084008A}.Debug|Any CPU.Build.0 = Debug|Any CPU
		{12F5A38B-0FDA-4AEC-993E-D7DC7084008A}.Release|Any CPU.ActiveCfg = Release|Any CPU
		{12F5A38B-0FDA-4AEC-993E-D7DC7084008A}.Release|Any CPU.Build.0 = Release|Any CPU
		{45C142F9-39EB-47B6-AE12-7E471BF153A8}.Debug|Any CPU.ActiveCfg = Debug|Any CPU
		{45C142F9-39EB-47B6-AE12-7E471BF153A8}.Debug|Any CPU.Build.0 = Debug|Any CPU
		{45C142F9-39EB-47B6-AE12-7E471BF153A8}.Release|Any CPU.ActiveCfg = Release|Any CPU
		{45C142F9-39EB-47B6-AE12-7E471BF153A8}.Release|Any CPU.Build.0 = Release|Any CPU
		{04C731E5-D07D-4050-B19B-52A23074E486}.Debug|Any CPU.ActiveCfg = Debug|Any CPU
		{04C731E5-D07D-4050-B19B-52A23074E486}.Debug|Any CPU.Build.0 = Debug|Any CPU
		{04C731E5-D07D-4050-B19B-52A23074E486}.Release|Any CPU.ActiveCfg = Release|Any CPU
		{04C731E5-D07D-4050-B19B-52A23074E486}.Release|Any CPU.Build.0 = Release|Any CPU
		{A0B6D1A9-C6C5-4983-8A8B-C325888779EE}.Debug|Any CPU.ActiveCfg = Debug|Any CPU
		{A0B6D1A9-C6C5-4983-8A8B-C325888779EE}.Debug|Any CPU.Build.0 = Debug|Any CPU
		{A0B6D1A9-C6C5-4983-8A8B-C325888779EE}.Release|Any CPU.ActiveCfg = Release|Any CPU
		{A0B6D1A9-C6C5-4983-8A8B-C325888779EE}.Release|Any CPU.Build.0 = Release|Any CPU
		{8B135413-B2B2-4D2C-AEC3-109746215C75}.Debug|Any CPU.ActiveCfg = Debug|Any CPU
		{8B135413-B2B2-4D2C-AEC3-109746215C75}.Debug|Any CPU.Build.0 = Debug|Any CPU
		{8B135413-B2B2-4D2C-AEC3-109746215C75}.Release|Any CPU.ActiveCfg = Release|Any CPU
		{8B135413-B2B2-4D2C-AEC3-109746215C75}.Release|Any CPU.Build.0 = Release|Any CPU
		{2DEEC5EC-CC8A-4E2C-A64F-CB5774F97456}.Debug|Any CPU.ActiveCfg = Debug|Any CPU
		{2DEEC5EC-CC8A-4E2C-A64F-CB5774F97456}.Debug|Any CPU.Build.0 = Debug|Any CPU
		{2DEEC5EC-CC8A-4E2C-A64F-CB5774F97456}.Release|Any CPU.ActiveCfg = Release|Any CPU
		{2DEEC5EC-CC8A-4E2C-A64F-CB5774F97456}.Release|Any CPU.Build.0 = Release|Any CPU
		{9E708D79-7362-4DF6-9A44-9081EE3FB24C}.Debug|Any CPU.ActiveCfg = Debug|Any CPU
		{9E708D79-7362-4DF6-9A44-9081EE3FB24C}.Debug|Any CPU.Build.0 = Debug|Any CPU
		{9E708D79-7362-4DF6-9A44-9081EE3FB24C}.Release|Any CPU.ActiveCfg = Release|Any CPU
		{9E708D79-7362-4DF6-9A44-9081EE3FB24C}.Release|Any CPU.Build.0 = Release|Any CPU
		{0ADCDABA-CD07-43C2-A828-8E129A8360D7}.Debug|Any CPU.ActiveCfg = Debug|Any CPU
		{0ADCDABA-CD07-43C2-A828-8E129A8360D7}.Debug|Any CPU.Build.0 = Debug|Any CPU
		{0ADCDABA-CD07-43C2-A828-8E129A8360D7}.Release|Any CPU.ActiveCfg = Release|Any CPU
		{0ADCDABA-CD07-43C2-A828-8E129A8360D7}.Release|Any CPU.Build.0 = Release|Any CPU
		{056173B0-0D39-413B-9150-82D4AFBBB0D9}.Debug|Any CPU.ActiveCfg = Debug|Any CPU
		{056173B0-0D39-413B-9150-82D4AFBBB0D9}.Debug|Any CPU.Build.0 = Debug|Any CPU
		{056173B0-0D39-413B-9150-82D4AFBBB0D9}.Release|Any CPU.ActiveCfg = Release|Any CPU
		{056173B0-0D39-413B-9150-82D4AFBBB0D9}.Release|Any CPU.Build.0 = Release|Any CPU
		{B18D9A48-ED28-4D12-8238-B088F7DD5635}.Debug|Any CPU.ActiveCfg = Debug|Any CPU
		{B18D9A48-ED28-4D12-8238-B088F7DD5635}.Debug|Any CPU.Build.0 = Debug|Any CPU
		{B18D9A48-ED28-4D12-8238-B088F7DD5635}.Release|Any CPU.ActiveCfg = Release|Any CPU
		{B18D9A48-ED28-4D12-8238-B088F7DD5635}.Release|Any CPU.Build.0 = Release|Any CPU
		{43D495A0-97BE-4031-AE7C-94267F2239D9}.Debug|Any CPU.ActiveCfg = Debug|Any CPU
		{43D495A0-97BE-4031-AE7C-94267F2239D9}.Debug|Any CPU.Build.0 = Debug|Any CPU
		{43D495A0-97BE-4031-AE7C-94267F2239D9}.Release|Any CPU.ActiveCfg = Release|Any CPU
		{43D495A0-97BE-4031-AE7C-94267F2239D9}.Release|Any CPU.Build.0 = Release|Any CPU
		{02565576-D0BC-4CBF-8EC5-B77462D43789}.Debug|Any CPU.ActiveCfg = Debug|Any CPU
		{02565576-D0BC-4CBF-8EC5-B77462D43789}.Debug|Any CPU.Build.0 = Debug|Any CPU
		{02565576-D0BC-4CBF-8EC5-B77462D43789}.Release|Any CPU.ActiveCfg = Release|Any CPU
		{02565576-D0BC-4CBF-8EC5-B77462D43789}.Release|Any CPU.Build.0 = Release|Any CPU
		{439DB10B-F0C1-438A-863D-581E6863813B}.Debug|Any CPU.ActiveCfg = Debug|Any CPU
		{439DB10B-F0C1-438A-863D-581E6863813B}.Debug|Any CPU.Build.0 = Debug|Any CPU
		{439DB10B-F0C1-438A-863D-581E6863813B}.Release|Any CPU.ActiveCfg = Release|Any CPU
		{439DB10B-F0C1-438A-863D-581E6863813B}.Release|Any CPU.Build.0 = Release|Any CPU
		{761C46A4-8F6F-49AA-99AD-26224805C829}.Debug|Any CPU.ActiveCfg = Debug|Any CPU
		{761C46A4-8F6F-49AA-99AD-26224805C829}.Debug|Any CPU.Build.0 = Debug|Any CPU
		{761C46A4-8F6F-49AA-99AD-26224805C829}.Release|Any CPU.ActiveCfg = Release|Any CPU
		{761C46A4-8F6F-49AA-99AD-26224805C829}.Release|Any CPU.Build.0 = Release|Any CPU
		{0E5A4C9A-FC24-42B0-88B4-4C9CFD0BB35A}.Debug|Any CPU.ActiveCfg = Debug|Any CPU
		{0E5A4C9A-FC24-42B0-88B4-4C9CFD0BB35A}.Debug|Any CPU.Build.0 = Debug|Any CPU
		{0E5A4C9A-FC24-42B0-88B4-4C9CFD0BB35A}.Release|Any CPU.ActiveCfg = Release|Any CPU
		{0E5A4C9A-FC24-42B0-88B4-4C9CFD0BB35A}.Release|Any CPU.Build.0 = Release|Any CPU
		{B32B1654-D1C2-44A1-B1CC-AF545D9A8A3C}.Debug|Any CPU.ActiveCfg = Debug|Any CPU
		{B32B1654-D1C2-44A1-B1CC-AF545D9A8A3C}.Debug|Any CPU.Build.0 = Debug|Any CPU
		{B32B1654-D1C2-44A1-B1CC-AF545D9A8A3C}.Release|Any CPU.ActiveCfg = Release|Any CPU
		{B32B1654-D1C2-44A1-B1CC-AF545D9A8A3C}.Release|Any CPU.Build.0 = Release|Any CPU
		{1B00B227-99FC-428E-8DE3-159CED5CE211}.Debug|Any CPU.ActiveCfg = Debug|Any CPU
		{1B00B227-99FC-428E-8DE3-159CED5CE211}.Debug|Any CPU.Build.0 = Debug|Any CPU
		{1B00B227-99FC-428E-8DE3-159CED5CE211}.Release|Any CPU.ActiveCfg = Release|Any CPU
		{1B00B227-99FC-428E-8DE3-159CED5CE211}.Release|Any CPU.Build.0 = Release|Any CPU
		{CDF460E6-ED98-4638-8112-32CD88268BED}.Debug|Any CPU.ActiveCfg = Debug|Any CPU
		{CDF460E6-ED98-4638-8112-32CD88268BED}.Debug|Any CPU.Build.0 = Debug|Any CPU
		{CDF460E6-ED98-4638-8112-32CD88268BED}.Release|Any CPU.ActiveCfg = Release|Any CPU
		{CDF460E6-ED98-4638-8112-32CD88268BED}.Release|Any CPU.Build.0 = Release|Any CPU
		{8D64FB59-5750-4BE6-8C79-8F6BD1D37E59}.Debug|Any CPU.ActiveCfg = Debug|Any CPU
		{8D64FB59-5750-4BE6-8C79-8F6BD1D37E59}.Debug|Any CPU.Build.0 = Debug|Any CPU
		{8D64FB59-5750-4BE6-8C79-8F6BD1D37E59}.Release|Any CPU.ActiveCfg = Release|Any CPU
		{8D64FB59-5750-4BE6-8C79-8F6BD1D37E59}.Release|Any CPU.Build.0 = Release|Any CPU
		{25318A2C-161F-4A81-A703-53600D0B0534}.Debug|Any CPU.ActiveCfg = Debug|Any CPU
		{25318A2C-161F-4A81-A703-53600D0B0534}.Debug|Any CPU.Build.0 = Debug|Any CPU
		{25318A2C-161F-4A81-A703-53600D0B0534}.Release|Any CPU.ActiveCfg = Release|Any CPU
		{25318A2C-161F-4A81-A703-53600D0B0534}.Release|Any CPU.Build.0 = Release|Any CPU
		{ADD04B2A-63DB-445C-A0B4-971CA6C8FDAE}.Debug|Any CPU.ActiveCfg = Debug|Any CPU
		{ADD04B2A-63DB-445C-A0B4-971CA6C8FDAE}.Debug|Any CPU.Build.0 = Debug|Any CPU
		{ADD04B2A-63DB-445C-A0B4-971CA6C8FDAE}.Release|Any CPU.ActiveCfg = Release|Any CPU
		{ADD04B2A-63DB-445C-A0B4-971CA6C8FDAE}.Release|Any CPU.Build.0 = Release|Any CPU
	EndGlobalSection
	GlobalSection(SolutionProperties) = preSolution
		HideSolutionNode = FALSE
	EndGlobalSection
	GlobalSection(NestedProjects) = preSolution
		{B2152ADB-7A35-43BB-A311-7829CF8BF0E2} = {EA5D60CF-6D39-45CE-AFE3-6F0E5607BB7A}
		{12F5A38B-0FDA-4AEC-993E-D7DC7084008A} = {B2152ADB-7A35-43BB-A311-7829CF8BF0E2}
		{45C142F9-39EB-47B6-AE12-7E471BF153A8} = {27C65458-A075-4F71-9C40-1DBAAB86EB7D}
		{04C731E5-D07D-4050-B19B-52A23074E486} = {1F7A8ECF-19F8-4549-B8EF-D24649A6C436}
		{A168447D-61D0-48FB-9CA5-9FDF80CB813E} = {EA5D60CF-6D39-45CE-AFE3-6F0E5607BB7A}
		{8B135413-B2B2-4D2C-AEC3-109746215C75} = {A168447D-61D0-48FB-9CA5-9FDF80CB813E}
		{35EC733C-F8F9-4B71-96E5-A4C1E1D5FB6B} = {EA5D60CF-6D39-45CE-AFE3-6F0E5607BB7A}
		{2DEEC5EC-CC8A-4E2C-A64F-CB5774F97456} = {35EC733C-F8F9-4B71-96E5-A4C1E1D5FB6B}
		{12ABC72E-65B6-4BE3-BD19-15EE894A3657} = {EA5D60CF-6D39-45CE-AFE3-6F0E5607BB7A}
		{9E708D79-7362-4DF6-9A44-9081EE3FB24C} = {12ABC72E-65B6-4BE3-BD19-15EE894A3657}
		{F6444480-E36F-4DB4-898D-42F0EF51A1C8} = {EA5D60CF-6D39-45CE-AFE3-6F0E5607BB7A}
		{0ADCDABA-CD07-43C2-A828-8E129A8360D7} = {F6444480-E36F-4DB4-898D-42F0EF51A1C8}
		{056173B0-0D39-413B-9150-82D4AFBBB0D9} = {F6444480-E36F-4DB4-898D-42F0EF51A1C8}
		{B18D9A48-ED28-4D12-8238-B088F7DD5635} = {F6444480-E36F-4DB4-898D-42F0EF51A1C8}
		{43D495A0-97BE-4031-AE7C-94267F2239D9} = {F6444480-E36F-4DB4-898D-42F0EF51A1C8}
		{02565576-D0BC-4CBF-8EC5-B77462D43789} = {F6444480-E36F-4DB4-898D-42F0EF51A1C8}
		{215800B9-853B-488F-8133-21A002AA1292} = {EA5D60CF-6D39-45CE-AFE3-6F0E5607BB7A}
		{439DB10B-F0C1-438A-863D-581E6863813B} = {215800B9-853B-488F-8133-21A002AA1292}
		{761C46A4-8F6F-49AA-99AD-26224805C829} = {2A2A6D1D-D2B1-4023-A46F-53420FB96E55}
		{0E5A4C9A-FC24-42B0-88B4-4C9CFD0BB35A} = {101A270E-CADF-452C-9792-9FEE7ABF20BD}
		{D01118BD-17A6-4098-920B-D6FCADB26FA2} = {EA5D60CF-6D39-45CE-AFE3-6F0E5607BB7A}
		{B32B1654-D1C2-44A1-B1CC-AF545D9A8A3C} = {D01118BD-17A6-4098-920B-D6FCADB26FA2}
		{0FECDB07-4FA9-4A7C-BDBF-35A4AA04B550} = {EA5D60CF-6D39-45CE-AFE3-6F0E5607BB7A}
		{1B00B227-99FC-428E-8DE3-159CED5CE211} = {0FECDB07-4FA9-4A7C-BDBF-35A4AA04B550}
		{CDF460E6-ED98-4638-8112-32CD88268BED} = {0FECDB07-4FA9-4A7C-BDBF-35A4AA04B550}
		{8D64FB59-5750-4BE6-8C79-8F6BD1D37E59} = {0FECDB07-4FA9-4A7C-BDBF-35A4AA04B550}
		{25318A2C-161F-4A81-A703-53600D0B0534} = {0FECDB07-4FA9-4A7C-BDBF-35A4AA04B550}
		{ADD04B2A-63DB-445C-A0B4-971CA6C8FDAE} = {0FECDB07-4FA9-4A7C-BDBF-35A4AA04B550}
	EndGlobalSection
	GlobalSection(ExtensibilityGlobals) = postSolution
		SolutionGuid = {7020AC2F-C4F0-42DC-B4F1-042D09B010F6}
	EndGlobalSection
EndGlobal
